<?xml version="1.0" encoding="utf-8"?>
<Project ToolsVersion="4.0" xmlns="http://schemas.microsoft.com/developer/msbuild/2003">
  <ItemGroup>
    <Filter Include="源文件">
      <UniqueIdentifier>{4FC737F1-C7A5-4376-A066-2A32D752A2FF}</UniqueIdentifier>
      <Extensions>cpp;c;cc;cxx;c++;cppm;ixx;def;odl;idl;hpj;bat;asm;asmx</Extensions>
    </Filter>
    <Filter Include="头文件">
      <UniqueIdentifier>{93995380-89BD-4b04-88EB-625FBE52EBFB}</UniqueIdentifier>
      <Extensions>h;hh;hpp;hxx;h++;hm;inl;inc;ipp;xsd</Extensions>
    </Filter>
    <Filter Include="资源文件">
      <UniqueIdentifier>{67DA6AB6-F800-4c08-8B7A-83BB121AAD01}</UniqueIdentifier>
      <Extensions>rc;ico;cur;bmp;dlg;rc2;rct;bin;rgs;gif;jpg;jpeg;jpe;resx;tiff;tif;png;wav;mfcribbon-ms</Extensions>
    </Filter>
    <Filter Include="Graphics">
      <UniqueIdentifier>{7120db01-41c6-41dd-9312-3dbabb56aa6b}</UniqueIdentifier>
    </Filter>
    <Filter Include="Utils">
      <UniqueIdentifier>{f868bab2-3212-4708-83f6-7022ac197381}</UniqueIdentifier>
    </Filter>
    <Filter Include="GUI">
      <UniqueIdentifier>{54ac85a5-6857-4899-b29b-b22c3adb784b}</UniqueIdentifier>
    </Filter>
  </ItemGroup>
  <ItemGroup>
    <ClInclude Include="Graphics\Graphics.h">
      <Filter>Graphics</Filter>
    </ClInclude>
    <ClInclude Include="Graphics\Colors.h">
      <Filter>Graphics</Filter>
    </ClInclude>
    <ClInclude Include="Graphics\Font.h">
      <Filter>Graphics</Filter>
    </ClInclude>
    <ClInclude Include="Graphics\Factory.h">
      <Filter>Graphics</Filter>
    </ClInclude>
    <ClInclude Include="Utils\Utils.h">
      <Filter>Utils</Filter>
    </ClInclude>
    <ClInclude Include="Utils\List.h">
      <Filter>Utils</Filter>
    </ClInclude>
    <ClInclude Include="Utils\Tuple.h">
      <Filter>Utils</Filter>
    </ClInclude>
    <ClInclude Include="Utils\Convert.h">
      <Filter>Utils</Filter>
    </ClInclude>
    <ClInclude Include="Graphics\nanosvg.h">
      <Filter>Graphics</Filter>
    </ClInclude>
    <ClInclude Include="Utils\Event.h">
      <Filter>Utils</Filter>
    </ClInclude>
    <ClInclude Include="GUI\Control.h">
      <Filter>GUI</Filter>
    </ClInclude>
    <ClInclude Include="Utils\FileStream.h">
      <Filter>Utils</Filter>
    </ClInclude>
    <ClInclude Include="Utils\StringHelper.h">
      <Filter>Utils</Filter>
    </ClInclude>
    <ClInclude Include="Utils\HttpHelper.h">
      <Filter>Utils</Filter>
    </ClInclude>
    <ClInclude Include="Utils\Socket.h">
      <Filter>Utils</Filter>
    </ClInclude>
    <ClInclude Include="Utils\FileInfo.h">
      <Filter>Utils</Filter>
    </ClInclude>
    <ClInclude Include="GUI\Form.h">
      <Filter>GUI</Filter>
    </ClInclude>
    <ClInclude Include="Utils\Dictionary.h">
      <Filter>Utils</Filter>
    </ClInclude>
    <ClInclude Include="Utils\File.h">
      <Filter>Utils</Filter>
    </ClInclude>
    <ClInclude Include="Utils\Process.h">
      <Filter>Utils</Filter>
    </ClInclude>
    <ClInclude Include="Utils\CRandom.h">
      <Filter>Utils</Filter>
    </ClInclude>
    <ClInclude Include="Utils\DateTime.h">
      <Filter>Utils</Filter>
    </ClInclude>
    <ClInclude Include="Utils\StopWatch.h">
      <Filter>Utils</Filter>
    </ClInclude>
    <ClInclude Include="Utils\TimeSpan.h">
      <Filter>Utils</Filter>
    </ClInclude>
    <ClInclude Include="Utils\Dialog.h">
      <Filter>Utils</Filter>
    </ClInclude>
    <ClInclude Include="Utils\Environment.h">
      <Filter>Utils</Filter>
    </ClInclude>
    <ClInclude Include="Utils\Registry.h">
      <Filter>Utils</Filter>
    </ClInclude>
    <ClInclude Include="Utils\Guid.h">
      <Filter>Utils</Filter>
    </ClInclude>
    <ClInclude Include="GUI\Application.h">
      <Filter>GUI</Filter>
    </ClInclude>
    <ClInclude Include="GUI\Button.h">
      <Filter>GUI</Filter>
    </ClInclude>
    <ClInclude Include="GUI\CheckBox.h">
      <Filter>GUI</Filter>
    </ClInclude>
    <ClInclude Include="GUI\ComboBox.h">
      <Filter>GUI</Filter>
    </ClInclude>
    <ClInclude Include="GUI\GridView.h">
      <Filter>GUI</Filter>
    </ClInclude>
    <ClInclude Include="GUI\Label.h">
      <Filter>GUI</Filter>
    </ClInclude>
    <ClInclude Include="GUI\Panel.h">
      <Filter>GUI</Filter>
    </ClInclude>
    <ClInclude Include="GUI\PasswordBox.h">
      <Filter>GUI</Filter>
    </ClInclude>
    <ClInclude Include="GUI\PictureBox.h">
      <Filter>GUI</Filter>
    </ClInclude>
    <ClInclude Include="GUI\ProgressBar.h">
      <Filter>GUI</Filter>
    </ClInclude>
    <ClInclude Include="GUI\RadioBox.h">
      <Filter>GUI</Filter>
    </ClInclude>
    <ClInclude Include="GUI\RichTextBox.h">
      <Filter>GUI</Filter>
    </ClInclude>
    <ClInclude Include="GUI\RoundTextBox.h">
      <Filter>GUI</Filter>
    </ClInclude>
    <ClInclude Include="GUI\Switch.h">
      <Filter>GUI</Filter>
    </ClInclude>
    <ClInclude Include="GUI\TabControl.h">
      <Filter>GUI</Filter>
    </ClInclude>
    <ClInclude Include="GUI\TextBox.h">
      <Filter>GUI</Filter>
    </ClInclude>
    <ClInclude Include="TestWindow.h">
      <Filter>头文件</Filter>
    </ClInclude>
    <ClInclude Include="CustomControls.h">
      <Filter>头文件</Filter>
    </ClInclude>
    <ClInclude Include="imgs.h">
      <Filter>头文件</Filter>
    </ClInclude>
    <ClInclude Include="Utils\defines.h">
      <Filter>Utils</Filter>
    </ClInclude>
    <ClInclude Include="GUI\ProcessSelectWindow.h">
      <Filter>GUI</Filter>
    </ClInclude>
    <ClInclude Include="GUI\TreeView.h">
      <Filter>GUI</Filter>
    </ClInclude>
    <ClInclude Include="GUI\Taskbar.h">
      <Filter>GUI</Filter>
    </ClInclude>
    <ClInclude Include="Utils\Thread.h">
      <Filter>Utils</Filter>
    </ClInclude>
    <ClInclude Include="Utils\DataPack.h">
      <Filter>Utils</Filter>
    </ClInclude>
    <ClInclude Include="Utils\StringBuilder.h">
      <Filter>Utils</Filter>
    </ClInclude>
  </ItemGroup>
  <ItemGroup>
    <ClCompile Include="Graphics\Graphics.cpp">
      <Filter>Graphics</Filter>
    </ClCompile>
    <ClCompile Include="Graphics\Font.cpp">
      <Filter>Graphics</Filter>
    </ClCompile>
    <ClCompile Include="Graphics\Factory.cpp">
      <Filter>Graphics</Filter>
    </ClCompile>
    <ClCompile Include="Utils\Utils.cpp">
      <Filter>Utils</Filter>
    </ClCompile>
    <ClCompile Include="Utils\Convert.cpp">
      <Filter>Utils</Filter>
    </ClCompile>
    <ClCompile Include="Graphics\nanosvg.cpp">
      <Filter>Graphics</Filter>
    </ClCompile>
    <ClCompile Include="Utils\Event.cpp">
      <Filter>Utils</Filter>
    </ClCompile>
    <ClCompile Include="GUI\Control.cpp">
      <Filter>GUI</Filter>
    </ClCompile>
    <ClCompile Include="Utils\FileStream.cpp">
      <Filter>Utils</Filter>
    </ClCompile>
    <ClCompile Include="Utils\StringHelper.cpp">
      <Filter>Utils</Filter>
    </ClCompile>
    <ClCompile Include="Utils\HttpHelper.cpp">
      <Filter>Utils</Filter>
    </ClCompile>
    <ClCompile Include="Utils\Socket.cpp">
      <Filter>Utils</Filter>
    </ClCompile>
    <ClCompile Include="Utils\FileInfo.cpp">
      <Filter>Utils</Filter>
    </ClCompile>
    <ClCompile Include="GUI\Form.cpp">
      <Filter>GUI</Filter>
    </ClCompile>
    <ClCompile Include="main.cpp">
      <Filter>源文件</Filter>
    </ClCompile>
    <ClCompile Include="Utils\File.cpp">
      <Filter>Utils</Filter>
    </ClCompile>
    <ClCompile Include="Utils\Process.cpp">
      <Filter>Utils</Filter>
    </ClCompile>
    <ClCompile Include="Utils\CRandom.cpp">
      <Filter>Utils</Filter>
    </ClCompile>
    <ClCompile Include="Utils\DateTime.cpp">
      <Filter>Utils</Filter>
    </ClCompile>
    <ClCompile Include="Utils\StopWatch.cpp">
      <Filter>Utils</Filter>
    </ClCompile>
    <ClCompile Include="Utils\TimeSpan.cpp">
      <Filter>Utils</Filter>
    </ClCompile>
    <ClCompile Include="Utils\Dialog.cpp">
      <Filter>Utils</Filter>
    </ClCompile>
    <ClCompile Include="Utils\Environment.cpp">
      <Filter>Utils</Filter>
    </ClCompile>
    <ClCompile Include="Utils\Registry.cpp">
      <Filter>Utils</Filter>
    </ClCompile>
    <ClCompile Include="Utils\Guid.cpp">
      <Filter>Utils</Filter>
    </ClCompile>
    <ClCompile Include="GUI\Application.cpp">
      <Filter>GUI</Filter>
    </ClCompile>
    <ClCompile Include="GUI\Button.cpp">
      <Filter>GUI</Filter>
    </ClCompile>
    <ClCompile Include="GUI\TextBox.cpp">
      <Filter>GUI</Filter>
    </ClCompile>
    <ClCompile Include="GUI\CheckBox.cpp">
      <Filter>GUI</Filter>
    </ClCompile>
    <ClCompile Include="GUI\ComboBox.cpp">
      <Filter>GUI</Filter>
    </ClCompile>
    <ClCompile Include="GUI\GridView.cpp">
      <Filter>GUI</Filter>
    </ClCompile>
    <ClCompile Include="GUI\Label.cpp">
      <Filter>GUI</Filter>
    </ClCompile>
    <ClCompile Include="GUI\Panel.cpp">
      <Filter>GUI</Filter>
    </ClCompile>
    <ClCompile Include="GUI\PasswordBox.cpp">
      <Filter>GUI</Filter>
    </ClCompile>
    <ClCompile Include="GUI\PictureBox.cpp">
      <Filter>GUI</Filter>
    </ClCompile>
    <ClCompile Include="GUI\ProgressBar.cpp">
      <Filter>GUI</Filter>
    </ClCompile>
    <ClCompile Include="GUI\RadioBox.cpp">
      <Filter>GUI</Filter>
    </ClCompile>
    <ClCompile Include="GUI\RichTextBox.cpp">
      <Filter>GUI</Filter>
    </ClCompile>
    <ClCompile Include="GUI\RoundTextBox.cpp">
      <Filter>GUI</Filter>
    </ClCompile>
    <ClCompile Include="GUI\Switch.cpp">
      <Filter>GUI</Filter>
    </ClCompile>
    <ClCompile Include="GUI\TabControl.cpp">
      <Filter>GUI</Filter>
    </ClCompile>
    <ClCompile Include="TestWindow.cpp">
      <Filter>源文件</Filter>
    </ClCompile>
    <ClCompile Include="CustomControls.cpp">
      <Filter>源文件</Filter>
    </ClCompile>
    <ClCompile Include="GUI\ProcessSelectWindow.cpp">
      <Filter>GUI</Filter>
    </ClCompile>
    <ClCompile Include="GUI\TreeView.cpp">
      <Filter>GUI</Filter>
    </ClCompile>
    <ClCompile Include="GUI\Taskbar.cpp">
      <Filter>GUI</Filter>
    </ClCompile>
    <ClCompile Include="Utils\Thread.cpp">
      <Filter>Utils</Filter>
    </ClCompile>
    <ClCompile Include="Utils\DataPack.cpp">
      <Filter>Utils</Filter>
    </ClCompile>
    <ClCompile Include="Utils\StringBuilder.cpp">
      <Filter>Utils</Filter>
    </ClCompile>
  </ItemGroup>
</Project>